// !$*UTF8*$!
{
	archiveVersion = 1;
	classes = {
	};
	objectVersion = 46;
	objects = {

/* Begin PBXBuildFile section */
		48B162CF1C6D860F00CC6410 /* AppDelegate.swift in Sources */ = {isa = PBXBuildFile; fileRef = 48B162CE1C6D860F00CC6410 /* AppDelegate.swift */; };
		48B162D11C6D860F00CC6410 /* ViewController.swift in Sources */ = {isa = PBXBuildFile; fileRef = 48B162D01C6D860F00CC6410 /* ViewController.swift */; };
		48B162D41C6D860F00CC6410 /* Main.storyboard in Resources */ = {isa = PBXBuildFile; fileRef = 48B162D21C6D860F00CC6410 /* Main.storyboard */; };
		48B162D61C6D860F00CC6410 /* Assets.xcassets in Resources */ = {isa = PBXBuildFile; fileRef = 48B162D51C6D860F00CC6410 /* Assets.xcassets */; };
		48B162D91C6D860F00CC6410 /* LaunchScreen.storyboard in Resources */ = {isa = PBXBuildFile; fileRef = 48B162D71C6D860F00CC6410 /* LaunchScreen.storyboard */; };
		48B162E41C6D860F00CC6410 /* MockTestTests.swift in Sources */ = {isa = PBXBuildFile; fileRef = 48B162E31C6D860F00CC6410 /* MockTestTests.swift */; };
		48B162EF1C6D861000CC6410 /* MockTestUITests.swift in Sources */ = {isa = PBXBuildFile; fileRef = 48B162EE1C6D861000CC6410 /* MockTestUITests.swift */; };
/* End PBXBuildFile section */

/* Begin PBXContainerItemProxy section */
		48B162E01C6D860F00CC6410 /* PBXContainerItemProxy */ = {
			isa = PBXContainerItemProxy;
			containerPortal = 48B162C31C6D860F00CC6410 /* Project object */;
			proxyType = 1;
			remoteGlobalIDString = 48B162CA1C6D860F00CC6410;
			remoteInfo = MockTest;
		};
		48B162EB1C6D860F00CC6410 /* PBXContainerItemProxy */ = {
			isa = PBXContainerItemProxy;
			containerPortal = 48B162C31C6D860F00CC6410 /* Project object */;
			proxyType = 1;
			remoteGlobalIDString = 48B162CA1C6D860F00CC6410;
			remoteInfo = MockTest;
		};
/* End PBXContainerItemProxy section */

/* Begin PBXFileReference section */
		48B162CB1C6D860F00CC6410 /* MockTest.app */ = {isa = PBXFileReference; explicitFileType = wrapper.application; includeInIndex = 0; path = MockTest.app; sourceTree = BUILT_PRODUCTS_DIR; };
		48B162CE1C6D860F00CC6410 /* AppDelegate.swift */ = {isa = PBXFileReference; lastKnownFileType = sourcecode.swift; path = AppDelegate.swift; sourceTree = "<group>"; };
		48B162D01C6D860F00CC6410 /* ViewController.swift */ = {isa = PBXFileReference; lastKnownFileType = sourcecode.swift; path = ViewController.swift; sourceTree = "<group>"; };
		48B162D31C6D860F00CC6410 /* Base */ = {isa = PBXFileReference; lastKnownFileType = file.storyboard; name = Base; path = Base.lproj/Main.storyboard; sourceTree = "<group>"; };
		48B162D51C6D860F00CC6410 /* Assets.xcassets */ = {isa = PBXFileReference; lastKnownFileType = folder.assetcatalog; path = Assets.xcassets; sourceTree = "<group>"; };
		48B162D81C6D860F00CC6410 /* Base */ = {isa = PBXFileReference; lastKnownFileType = file.storyboard; name = Base; path = Base.lproj/LaunchScreen.storyboard; sourceTree = "<group>"; };
		48B162DA1C6D860F00CC6410 /* Info.plist */ = {isa = PBXFileReference; lastKnownFileType = text.plist.xml; path = Info.plist; sourceTree = "<group>"; };
		48B162DF1C6D860F00CC6410 /* MockTestTests.xctest */ = {isa = PBXFileReference; explicitFileType = wrapper.cfbundle; includeInIndex = 0; path = MockTestTests.xctest; sourceTree = BUILT_PRODUCTS_DIR; };
		48B162E31C6D860F00CC6410 /* MockTestTests.swift */ = {isa = PBXFileReference; lastKnownFileType = sourcecode.swift; path = MockTestTests.swift; sourceTree = "<group>"; };
		48B162E51C6D860F00CC6410 /* Info.plist */ = {isa = PBXFileReference; lastKnownFileType = text.plist.xml; path = Info.plist; sourceTree = "<group>"; };
		48B162EA1C6D860F00CC6410 /* MockTestUITests.xctest */ = {isa = PBXFileReference; explicitFileType = wrapper.cfbundle; includeInIndex = 0; path = MockTestUITests.xctest; sourceTree = BUILT_PRODUCTS_DIR; };
		48B162EE1C6D861000CC6410 /* MockTestUITests.swift */ = {isa = PBXFileReference; lastKnownFileType = sourcecode.swift; path = MockTestUITests.swift; sourceTree = "<group>"; };
		48B162F01C6D861000CC6410 /* Info.plist */ = {isa = PBXFileReference; lastKnownFileType = text.plist.xml; path = Info.plist; sourceTree = "<group>"; };
/* End PBXFileReference section */

/* Begin PBXFrameworksBuildPhase section */
		48B162C81C6D860F00CC6410 /* Frameworks */ = {
			isa = PBXFrameworksBuildPhase;
			buildActionMask = 2147483647;
			files = (
			);
			runOnlyForDeploymentPostprocessing = 0;
		};
		48B162DC1C6D860F00CC6410 /* Frameworks */ = {
			isa = PBXFrameworksBuildPhase;
			buildActionMask = 2147483647;
			files = (
			);
			runOnlyForDeploymentPostprocessing = 0;
		};
		48B162E71C6D860F00CC6410 /* Frameworks */ = {
			isa = PBXFrameworksBuildPhase;
			buildActionMask = 2147483647;
			files = (
			);
			runOnlyForDeploymentPostprocessing = 0;
		};
/* End PBXFrameworksBuildPhase section */

/* Begin PBXGroup section */
		48B162C21C6D860F00CC6410 = {
			isa = PBXGroup;
			children = (
				48B162CD1C6D860F00CC6410 /* MockTest */,
				48B162E21C6D860F00CC6410 /* MockTestTests */,
				48B162ED1C6D860F00CC6410 /* MockTestUITests */,
				48B162CC1C6D860F00CC6410 /* Products */,
			);
			sourceTree = "<group>";
		};
		48B162CC1C6D860F00CC6410 /* Products */ = {
			isa = PBXGroup;
			children = (
				48B162CB1C6D860F00CC6410 /* MockTest.app */,
				48B162DF1C6D860F00CC6410 /* MockTestTests.xctest */,
				48B162EA1C6D860F00CC6410 /* MockTestUITests.xctest */,
			);
			name = Products;
			sourceTree = "<group>";
		};
		48B162CD1C6D860F00CC6410 /* MockTest */ = {
			isa = PBXGroup;
			children = (
				48B162CE1C6D860F00CC6410 /* AppDelegate.swift */,
				48B162D01C6D860F00CC6410 /* ViewController.swift */,
				48B162D21C6D860F00CC6410 /* Main.storyboard */,
				48B162D51C6D860F00CC6410 /* Assets.xcassets */,
				48B162D71C6D860F00CC6410 /* LaunchScreen.storyboard */,
				48B162DA1C6D860F00CC6410 /* Info.plist */,
			);
			path = MockTest;
			sourceTree = "<group>";
		};
		48B162E21C6D860F00CC6410 /* MockTestTests */ = {
			isa = PBXGroup;
			children = (
				48B162E31C6D860F00CC6410 /* MockTestTests.swift */,
				48B162E51C6D860F00CC6410 /* Info.plist */,
			);
			path = MockTestTests;
			sourceTree = "<group>";
		};
		48B162ED1C6D860F00CC6410 /* MockTestUITests */ = {
			isa = PBXGroup;
			children = (
				48B162EE1C6D861000CC6410 /* MockTestUITests.swift */,
				48B162F01C6D861000CC6410 /* Info.plist */,
			);
			path = MockTestUITests;
			sourceTree = "<group>";
		};
/* End PBXGroup section */

/* Begin PBXNativeTarget section */
		48B162CA1C6D860F00CC6410 /* MockTest */ = {
			isa = PBXNativeTarget;
			buildConfigurationList = 48B162F31C6D861000CC6410 /* Build configuration list for PBXNativeTarget "MockTest" */;
			buildPhases = (
				48B162C71C6D860F00CC6410 /* Sources */,
				48B162C81C6D860F00CC6410 /* Frameworks */,
				48B162C91C6D860F00CC6410 /* Resources */,
			);
			buildRules = (
			);
			dependencies = (
			);
			name = MockTest;
			productName = MockTest;
			productReference = 48B162CB1C6D860F00CC6410 /* MockTest.app */;
			productType = "com.apple.product-type.application";
		};
		48B162DE1C6D860F00CC6410 /* MockTestTests */ = {
			isa = PBXNativeTarget;
			buildConfigurationList = 48B162F61C6D861000CC6410 /* Build configuration list for PBXNativeTarget "MockTestTests" */;
			buildPhases = (
				48B162DB1C6D860F00CC6410 /* Sources */,
				48B162DC1C6D860F00CC6410 /* Frameworks */,
				48B162DD1C6D860F00CC6410 /* Resources */,
			);
			buildRules = (
			);
			dependencies = (
				48B162E11C6D860F00CC6410 /* PBXTargetDependency */,
			);
			name = MockTestTests;
			productName = MockTestTests;
			productReference = 48B162DF1C6D860F00CC6410 /* MockTestTests.xctest */;
			productType = "com.apple.product-type.bundle.unit-test";
		};
		48B162E91C6D860F00CC6410 /* MockTestUITests */ = {
			isa = PBXNativeTarget;
			buildConfigurationList = 48B162F91C6D861000CC6410 /* Build configuration list for PBXNativeTarget "MockTestUITests" */;
			buildPhases = (
				48B162E61C6D860F00CC6410 /* Sources */,
				48B162E71C6D860F00CC6410 /* Frameworks */,
				48B162E81C6D860F00CC6410 /* Resources */,
			);
			buildRules = (
			);
			dependencies = (
				48B162EC1C6D860F00CC6410 /* PBXTargetDependency */,
			);
			name = MockTestUITests;
			productName = MockTestUITests;
			productReference = 48B162EA1C6D860F00CC6410 /* MockTestUITests.xctest */;
			productType = "com.apple.product-type.bundle.ui-testing";
		};
/* End PBXNativeTarget section */

/* Begin PBXProject section */
		48B162C31C6D860F00CC6410 /* Project object */ = {
			isa = PBXProject;
			attributes = {
				LastSwiftUpdateCheck = 0720;
				LastUpgradeCheck = 0720;
				ORGANIZATIONNAME = "Patel, Ashish";
				TargetAttributes = {
					48B162CA1C6D860F00CC6410 = {
						CreatedOnToolsVersion = 7.2.1;
					};
					48B162DE1C6D860F00CC6410 = {
						CreatedOnToolsVersion = 7.2.1;
						TestTargetID = 48B162CA1C6D860F00CC6410;
					};
					48B162E91C6D860F00CC6410 = {
						CreatedOnToolsVersion = 7.2.1;
						TestTargetID = 48B162CA1C6D860F00CC6410;
					};
				};
			};
			buildConfigurationList = 48B162C61C6D860F00CC6410 /* Build configuration list for PBXProject "MockTest" */;
			compatibilityVersion = "Xcode 3.2";
			developmentRegion = English;
			hasScannedForEncodings = 0;
			knownRegions = (
				en,
				Base,
			);
			mainGroup = 48B162C21C6D860F00CC6410;
			productRefGroup = 48B162CC1C6D860F00CC6410 /* Products */;
			projectDirPath = "";
			projectRoot = "";
			targets = (
				48B162CA1C6D860F00CC6410 /* MockTest */,
				48B162DE1C6D860F00CC6410 /* MockTestTests */,
				48B162E91C6D860F00CC6410 /* MockTestUITests */,
			);
		};
/* End PBXProject section */

/* Begin PBXResourcesBuildPhase section */
		48B162C91C6D860F00CC6410 /* Resources */ = {
			isa = PBXResourcesBuildPhase;
			buildActionMask = 2147483647;
			files = (
				48B162D91C6D860F00CC6410 /* LaunchScreen.storyboard in Resources */,
				48B162D61C6D860F00CC6410 /* Assets.xcassets in Resources */,
				48B162D41C6D860F00CC6410 /* Main.storyboard in Resources */,
			);
			runOnlyForDeploymentPostprocessing = 0;
		};
		48B162DD1C6D860F00CC6410 /* Resources */ = {
			isa = PBXResourcesBuildPhase;
			buildActionMask = 2147483647;
			files = (
			);
			runOnlyForDeploymentPostprocessing = 0;
		};
		48B162E81C6D860F00CC6410 /* Resources */ = {
			isa = PBXResourcesBuildPhase;
			buildActionMask = 2147483647;
			files = (
			);
			runOnlyForDeploymentPostprocessing = 0;
		};
/* End PBXResourcesBuildPhase section */

/* Begin PBXSourcesBuildPhase section */
		48B162C71C6D860F00CC6410 /* Sources */ = {
			isa = PBXSourcesBuildPhase;
			buildActionMask = 2147483647;
			files = (
				48B162D11C6D860F00CC6410 /* ViewController.swift in Sources */,
				48B162CF1C6D860F00CC6410 /* AppDelegate.swift in Sources */,
			);
			runOnlyForDeploymentPostprocessing = 0;
		};
		48B162DB1C6D860F00CC6410 /* Sources */ = {
			isa = PBXSourcesBuildPhase;
			buildActionMask = 2147483647;
			files = (
				48B162E41C6D860F00CC6410 /* MockTestTests.swift in Sources */,
			);
			runOnlyForDeploymentPostprocessing = 0;
		};
		48B162E61C6D860F00CC6410 /* Sources */ = {
			isa = PBXSourcesBuildPhase;
			buildActionMask = 2147483647;
			files = (
				48B162EF1C6D861000CC6410 /* MockTestUITests.swift in Sources */,
			);
			runOnlyForDeploymentPostprocessing = 0;
		};
/* End PBXSourcesBuildPhase section */

/* Begin PBXTargetDependency section */
		48B162E11C6D860F00CC6410 /* PBXTargetDependency */ = {
			isa = PBXTargetDependency;
			target = 48B162CA1C6D860F00CC6410 /* MockTest */;
			targetProxy = 48B162E01C6D860F00CC6410 /* PBXContainerItemProxy */;
		};
		48B162EC1C6D860F00CC6410 /* PBXTargetDependency */ = {
			isa = PBXTargetDependency;
			target = 48B162CA1C6D860F00CC6410 /* MockTest */;
			targetProxy = 48B162EB1C6D860F00CC6410 /* PBXContainerItemProxy */;
		};
/* End PBXTargetDependency section */

/* Begin PBXVariantGroup section */
		48B162D21C6D860F00CC6410 /* Main.storyboard */ = {
			isa = PBXVariantGroup;
			children = (
				48B162D31C6D860F00CC6410 /* Base */,
			);
			name = Main.storyboard;
			sourceTree = "<group>";
		};
		48B162D71C6D860F00CC6410 /* LaunchScreen.storyboard */ = {
			isa = PBXVariantGroup;
			children = (
				48B162D81C6D860F00CC6410 /* Base */,
			);
			name = LaunchScreen.storyboard;
			sourceTree = "<group>";
		};
/* End PBXVariantGroup section */

/* Begin XCBuildConfiguration section */
		48B162F11C6D861000CC6410 /* Debug */ = {
			isa = XCBuildConfiguration;
			buildSettings = {
				ALWAYS_SEARCH_USER_PATHS = NO;
				CLANG_CXX_LANGUAGE_STANDARD = "gnu++0x";
				CLANG_CXX_LIBRARY = "libc++";
				CLANG_ENABLE_MODULES = YES;
				CLANG_ENABLE_OBJC_ARC = YES;
				CLANG_WARN_BOOL_CONVERSION = YES;
				CLANG_WARN_CONSTANT_CONVERSION = YES;
				CLANG_WARN_DIRECT_OBJC_ISA_USAGE = YES_ERROR;
				CLANG_WARN_EMPTY_BODY = YES;
				CLANG_WARN_ENUM_CONVERSION = YES;
				CLANG_WARN_INT_CONVERSION = YES;
				CLANG_WARN_OBJC_ROOT_CLASS = YES_ERROR;
				CLANG_WARN_UNREACHABLE_CODE = YES;
				CLANG_WARN__DUPLICATE_METHOD_MATCH = YES;
				"CODE_SIGN_IDENTITY[sdk=iphoneos*]" = "iPhone Developer";
				COPY_PHASE_STRIP = NO;
				DEBUG_INFORMATION_FORMAT = dwarf;
				ENABLE_STRICT_OBJC_MSGSEND = YES;
				ENABLE_TESTABILITY = YES;
				GCC_C_LANGUAGE_STANDARD = gnu99;
				GCC_DYNAMIC_NO_PIC = NO;
				GCC_NO_COMMON_BLOCKS = YES;
				GCC_OPTIMIZATION_LEVEL = 0;
				GCC_PREPROCESSOR_DEFINITIONS = (
					"DEBUG=1",
					"$(inherited)",
				);
				GCC_WARN_64_TO_32_BIT_CONVERSION = YES;
				GCC_WARN_ABOUT_RETURN_TYPE = YES_ERROR;
				GCC_WARN_UNDECLARED_SELECTOR = YES;
				GCC_WARN_UNINITIALIZED_AUTOS = YES_AGGRESSIVE;
				GCC_WARN_UNUSED_FUNCTION = YES;
				GCC_WARN_UNUSED_VARIABLE = YES;
				IPHONEOS_DEPLOYMENT_TARGET = 9.2;
				MTL_ENABLE_DEBUG_INFO = YES;
				ONLY_ACTIVE_ARCH = YES;
				SDKROOT = iphoneos;
				SWIFT_OPTIMIZATION_LEVEL = "-Onone";
			};
			name = Debug;
		};
		48B162F21C6D861000CC6410 /* Release */ = {
			isa = XCBuildConfiguration;
			buildSettings = {
				ALWAYS_SEARCH_USER_PATHS = NO;
				CLANG_CXX_LANGUAGE_STANDARD = "gnu++0x";
				CLANG_CXX_LIBRARY = "libc++";
				CLANG_ENABLE_MODULES = YES;
				CLANG_ENABLE_OBJC_ARC = YES;
				CLANG_WARN_BOOL_CONVERSION = YES;
				CLANG_WARN_CONSTANT_CONVERSION = YES;
				CLANG_WARN_DIRECT_OBJC_ISA_USAGE = YES_ERROR;
				CLANG_WARN_EMPTY_BODY = YES;
				CLANG_WARN_ENUM_CONVERSION = YES;
				CLANG_WARN_INT_CONVERSION = YES;
				CLANG_WARN_OBJC_ROOT_CLASS = YES_ERROR;
				CLANG_WARN_UNREACHABLE_CODE = YES;
				CLANG_WARN__DUPLICATE_METHOD_MATCH = YES;
				"CODE_SIGN_IDENTITY[sdk=iphoneos*]" = "iPhone Developer";
				COPY_PHASE_STRIP = NO;
				DEBUG_INFORMATION_FORMAT = "dwarf-with-dsym";
				ENABLE_NS_ASSERTIONS = NO;
				ENABLE_STRICT_OBJC_MSGSEND = YES;
				GCC_C_LANGUAGE_STANDARD = gnu99;
				GCC_NO_COMMON_BLOCKS = YES;
				GCC_WARN_64_TO_32_BIT_CONVERSION = YES;
				GCC_WARN_ABOUT_RETURN_TYPE = YES_ERROR;
				GCC_WARN_UNDECLARED_SELECTOR = YES;
				GCC_WARN_UNINITIALIZED_AUTOS = YES_AGGRESSIVE;
				GCC_WARN_UNUSED_FUNCTION = YES;
				GCC_WARN_UNUSED_VARIABLE = YES;
				IPHONEOS_DEPLOYMENT_TARGET = 9.2;
				MTL_ENABLE_DEBUG_INFO = NO;
				SDKROOT = iphoneos;
				VALIDATE_PRODUCT = YES;
			};
			name = Release;
		};
		48B162F41C6D861000CC6410 /* Debug */ = {
			isa = XCBuildConfiguration;
			buildSettings = {
				ASSETCATALOG_COMPILER_APPICON_NAME = AppIcon;
				INFOPLIST_FILE = MockTest/Info.plist;
				LD_RUNPATH_SEARCH_PATHS = "$(inherited) @executable_path/Frameworks";
				PRODUCT_BUNDLE_IDENTIFIER = com.avgtechie.MockTest;
				PRODUCT_NAME = "$(TARGET_NAME)";
			};
			name = Debug;
		};
		48B162F51C6D861000CC6410 /* Release */ = {
			isa = XCBuildConfiguration;
			buildSettings = {
				ASSETCATALOG_COMPILER_APPICON_NAME = AppIcon;
				INFOPLIST_FILE = MockTest/Info.plist;
				LD_RUNPATH_SEARCH_PATHS = "$(inherited) @executable_path/Frameworks";
				PRODUCT_BUNDLE_IDENTIFIER = com.avgtechie.MockTest;
				PRODUCT_NAME = "$(TARGET_NAME)";
			};
			name = Release;
		};
		48B162F71C6D861000CC6410 /* Debug */ = {
			isa = XCBuildConfiguration;
			buildSettings = {
				BUNDLE_LOADER = "$(TEST_HOST)";
				INFOPLIST_FILE = MockTestTests/Info.plist;
				LD_RUNPATH_SEARCH_PATHS = "$(inherited) @executable_path/Frameworks @loader_path/Frameworks";
				PRODUCT_BUNDLE_IDENTIFIER = com.avgtechie.MockTestTests;
				PRODUCT_NAME = "$(TARGET_NAME)";
				TEST_HOST = "$(BUILT_PRODUCTS_DIR)/MockTest.app/MockTest";
			};
			name = Debug;
		};
		48B162F81C6D861000CC6410 /* Release */ = {
			isa = XCBuildConfiguration;
			buildSettings = {
				BUNDLE_LOADER = "$(TEST_HOST)";
				INFOPLIST_FILE = MockTestTests/Info.plist;
				LD_RUNPATH_SEARCH_PATHS = "$(inherited) @executable_path/Frameworks @loader_path/Frameworks";
				PRODUCT_BUNDLE_IDENTIFIER = com.avgtechie.MockTestTests;
				PRODUCT_NAME = "$(TARGET_NAME)";
				TEST_HOST = "$(BUILT_PRODUCTS_DIR)/MockTest.app/MockTest";
			};
			name = Release;
		};
		48B162FA1C6D861000CC6410 /* Debug */ = {
			isa = XCBuildConfiguration;
			buildSettings = {
				INFOPLIST_FILE = MockTestUITests/Info.plist;
				LD_RUNPATH_SEARCH_PATHS = "$(inherited) @executable_path/Frameworks @loader_path/Frameworks";
				PRODUCT_BUNDLE_IDENTIFIER = com.avgtechie.MockTestUITests;
				PRODUCT_NAME = "$(TARGET_NAME)";
				TEST_TARGET_NAME = MockTest;
				USES_XCTRUNNER = YES;
			};
			name = Debug;
		};
		48B162FB1C6D861000CC6410 /* Release */ = {
			isa = XCBuildConfiguration;
			buildSettings = {
				INFOPLIST_FILE = MockTestUITests/Info.plist;
				LD_RUNPATH_SEARCH_PATHS = "$(inherited) @executable_path/Frameworks @loader_path/Frameworks";
				PRODUCT_BUNDLE_IDENTIFIER = com.avgtechie.MockTestUITests;
				PRODUCT_NAME = "$(TARGET_NAME)";
				TEST_TARGET_NAME = MockTest;
				USES_XCTRUNNER = YES;
			};
			name = Release;
		};
/* End XCBuildConfiguration section */

/* Begin XCConfigurationList section */
		48B162C61C6D860F00CC6410 /* Build configuration list for PBXProject "MockTest" */ = {
			isa = XCConfigurationList;
			buildConfigurations = (
				48B162F11C6D861000CC6410 /* Debug */,
				48B162F21C6D861000CC6410 /* Release */,
			);
			defaultConfigurationIsVisible = 0;
			defaultConfigurationName = Release;
		};
		48B162F31C6D861000CC6410 /* Build configuration list for PBXNativeTarget "MockTest" */ = {
			isa = XCConfigurationList;
			buildConfigurations = (
				48B162F41C6D861000CC6410 /* Debug */,
				48B162F51C6D861000CC6410 /* Release */,
			);
			defaultConfigurationIsVisible = 0;
		};
		48B162F61C6D861000CC6410 /* Build configuration list for PBXNativeTarget "MockTestTests" */ = {
			isa = XCConfigurationList;
			buildConfigurations = (
				48B162F71C6D861000CC6410 /* Debug */,
				48B162F81C6D861000CC6410 /* Release */,
			);
			defaultConfigurationIsVisible = 0;
		};
		48B162F91C6D861000CC6410 /* Build configuration list for PBXNativeTarget "MockTestUITests" */ = {
			isa = XCConfigurationList;
			buildConfigurations = (
				48B162FA1C6D861000CC6410 /* Debug */,
				48B162FB1C6D861000CC6410 /* Release */,
			);
			defaultConfigurationIsVisible = 0;
		};
/* End XCConfigurationList section */
	};
	rootObject = 48B162C31C6D860F00CC6410 /* Project object */;
}
